
Microsoft Visual Studio Solution File, Format Version 12.00
# Visual Studio Version 17
VisualStudioVersion = 17.7.34031.279
MinimumVisualStudioVersion = 10.0.40219.1
Project("{FAE04EC0-301F-11D3-BF4B-00C04F79EFBC}") = "Palindrome", "Palindrome\Palindrome.csproj", "{4F4D99D4-0CF7-444D-8213-F841D9690C49}"
EndProject
Global
	GlobalSection(SolutionConfigurationPlatforms) = preSolution
		Debug|Any CPU = Debug|Any CPU
		Release|Any CPU = Release|Any CPU
	EndGlobalSection
	GlobalSection(ProjectConfigurationPlatforms) = postSolution
		{4F4D99D4-0CF7-444D-8213-F841D9690C49}.Debug|Any CPU.ActiveCfg = Debug|Any CPU
		{4F4D99D4-0CF7-444D-8213-F841D9690C49}.Debug|Any CPU.Build.0 = Debug|Any CPU
		{4F4D99D4-0CF7-444D-8213-F841D9690C49}.Release|Any CPU.ActiveCfg = Release|Any CPU
		{4F4D99D4-0CF7-444D-8213-F841D9690C49}.Release|Any CPU.Build.0 = Release|Any CPU
	EndGlobalSection
	GlobalSection(SolutionProperties) = preSolution
		HideSolutionNode = FALSE
	EndGlobalSection
	GlobalSection(ExtensibilityGlobals) = postSolution
		SolutionGuid = {8C42DC7B-0201-4F54-969D-CEDF92D0393D}
	EndGlobalSection
EndGlobal
